
Microsoft Visual Studio Solution File, Format Version 12.00
# Visual Studio 2012
Project("{FAE04EC0-301F-11D3-BF4B-00C04F79EFBC}") = "flashtest", "flashtest\flashtest.csproj", "{3FA316BE-7940-45D9-A6F5-8EA8EF0F45C3}"
EndProject
Project("{FAE04EC0-301F-11D3-BF4B-00C04F79EFBC}") = "MosFlash", "wpf\MosFlash.csproj", "{05C33120-550C-4C96-8D09-0F9EC2294FDE}"
EndProject
Global
	GlobalSection(SolutionConfigurationPlatforms) = preSolution
		Debug|Any CPU = Debug|Any CPU
		Release|Any CPU = Release|Any CPU
	EndGlobalSection
	GlobalSection(ProjectConfigurationPlatforms) = postSolution
		{3FA316BE-7940-45D9-A6F5-8EA8EF0F45C3}.Debug|Any CPU.ActiveCfg = Debug|Any CPU
		{3FA316BE-7940-45D9-A6F5-8EA8EF0F45C3}.Debug|Any CPU.Build.0 = Debug|Any CPU
		{3FA316BE-7940-45D9-A6F5-8EA8EF0F45C3}.Release|Any CPU.ActiveCfg = Release|Any CPU
		{3FA316BE-7940-45D9-A6F5-8EA8EF0F45C3}.Release|Any CPU.Build.0 = Release|Any CPU
		{05C33120-550C-4C96-8D09-0F9EC2294FDE}.Debug|Any CPU.ActiveCfg = Debug|Any CPU
		{05C33120-550C-4C96-8D09-0F9EC2294FDE}.Debug|Any CPU.Build.0 = Debug|Any CPU
		{05C33120-550C-4C96-8D09-0F9EC2294FDE}.Release|Any CPU.ActiveCfg = Release|Any CPU
		{05C33120-550C-4C96-8D09-0F9EC2294FDE}.Release|Any CPU.Build.0 = Release|Any CPU
	EndGlobalSection
	GlobalSection(SolutionProperties) = preSolution
		HideSolutionNode = FALSE
	EndGlobalSection
EndGlobal
